
Microsoft Visual Studio Solution File, Format Version 12.00
# Visual Studio Version 17
VisualStudioVersion = 17.5.002.0
MinimumVisualStudioVersion = 10.0.40219.1
Project("{9A19103F-16F7-4668-BE54-9A1E7A4F7556}") = "TP6", "TP6.csproj", "{1FBC024E-8270-439D-BDAD-6F4F914F97B5}"
EndProject
Global
	GlobalSection(SolutionConfigurationPlatforms) = preSolution
		Debug|Any CPU = Debug|Any CPU
		Release|Any CPU = Release|Any CPU
	EndGlobalSection
	GlobalSection(ProjectConfigurationPlatforms) = postSolution
		{1FBC024E-8270-439D-BDAD-6F4F914F97B5}.Debug|Any CPU.ActiveCfg = Debug|Any CPU
		{1FBC024E-8270-439D-BDAD-6F4F914F97B5}.Debug|Any CPU.Build.0 = Debug|Any CPU
		{1FBC024E-8270-439D-BDAD-6F4F914F97B5}.Release|Any CPU.ActiveCfg = Release|Any CPU
		{1FBC024E-8270-439D-BDAD-6F4F914F97B5}.Release|Any CPU.Build.0 = Release|Any CPU
	EndGlobalSection
	GlobalSection(SolutionProperties) = preSolution
		HideSolutionNode = FALSE
	EndGlobalSection
	GlobalSection(ExtensibilityGlobals) = postSolution
		SolutionGuid = {3A2FD657-1FBF-43B4-8262-8EB7D3AED4C1}
	EndGlobalSection
EndGlobal
